
Microsoft Visual Studio Solution File, Format Version 12.00
# Visual Studio Version 17
VisualStudioVersion = 17.5.33414.496
MinimumVisualStudioVersion = 10.0.40219.1
Project("{FAE04EC0-301F-11D3-BF4B-00C04F79EFBC}") = "EFRelationships.Web", "EFRelationships.Web\EFRelationships.Web.csproj", "{BED8493C-5C52-4D23-9A74-A03CA4F71165}"
EndProject
Project("{FAE04EC0-301F-11D3-BF4B-00C04F79EFBC}") = "EFRelationships.Data", "EFRelationships.Data\EFRelationships.Data.csproj", "{E2B9AAAD-36B4-4FD1-B346-4B38D725DED2}"
EndProject
Global
	GlobalSection(SolutionConfigurationPlatforms) = preSolution
		Debug|Any CPU = Debug|Any CPU
		Release|Any CPU = Release|Any CPU
	EndGlobalSection
	GlobalSection(ProjectConfigurationPlatforms) = postSolution
		{BED8493C-5C52-4D23-9A74-A03CA4F71165}.Debug|Any CPU.ActiveCfg = Debug|Any CPU
		{BED8493C-5C52-4D23-9A74-A03CA4F71165}.Debug|Any CPU.Build.0 = Debug|Any CPU
		{BED8493C-5C52-4D23-9A74-A03CA4F71165}.Release|Any CPU.ActiveCfg = Release|Any CPU
		{BED8493C-5C52-4D23-9A74-A03CA4F71165}.Release|Any CPU.Build.0 = Release|Any CPU
		{E2B9AAAD-36B4-4FD1-B346-4B38D725DED2}.Debug|Any CPU.ActiveCfg = Debug|Any CPU
		{E2B9AAAD-36B4-4FD1-B346-4B38D725DED2}.Debug|Any CPU.Build.0 = Debug|Any CPU
		{E2B9AAAD-36B4-4FD1-B346-4B38D725DED2}.Release|Any CPU.ActiveCfg = Release|Any CPU
		{E2B9AAAD-36B4-4FD1-B346-4B38D725DED2}.Release|Any CPU.Build.0 = Release|Any CPU
	EndGlobalSection
	GlobalSection(SolutionProperties) = preSolution
		HideSolutionNode = FALSE
	EndGlobalSection
	GlobalSection(ExtensibilityGlobals) = postSolution
		SolutionGuid = {22D3478C-370B-4881-B1FE-EB4E68AA51FC}
	EndGlobalSection
EndGlobal
